
Microsoft Visual Studio Solution File, Format Version 12.00
# Visual Studio Version 17
VisualStudioVersion = 17.13.35931.197
MinimumVisualStudioVersion = 10.0.40219.1
Project("{2150E333-8FDC-42A3-9474-1A3956D46DE8}") = "Bootstrapper", "Bootstrapper", "{02EA681E-C7D8-13C7-8484-4AC65E1B71E8}"
EndProject
Project("{2150E333-8FDC-42A3-9474-1A3956D46DE8}") = "Modules", "Modules", "{B95EAEE9-F87A-420C-A061-6952CC11598C}"
EndProject
Project("{2150E333-8FDC-42A3-9474-1A3956D46DE8}") = "Shared", "Shared", "{50384B7D-7655-4262-B7FE-510A018B355E}"
EndProject
Project("{FAE04EC0-301F-11D3-BF4B-00C04F79EFBC}") = "Api", "Bootstrapper\Api\Api.csproj", "{F73CED4E-C916-45AB-858E-AD3CE3DAD2F0}"
EndProject
Project("{2150E333-8FDC-42A3-9474-1A3956D46DE8}") = "Catalog", "Catalog", "{B54A51EA-35EB-429F-BE11-BE9DDD671870}"
EndProject
Project("{2150E333-8FDC-42A3-9474-1A3956D46DE8}") = "Basket", "Basket", "{FF970D69-E39F-475A-9861-1B128D008270}"
EndProject
Project("{2150E333-8FDC-42A3-9474-1A3956D46DE8}") = "Ordering", "Ordering", "{B4419086-5CDA-41B3-891C-0BBD1346180F}"
EndProject
Project("{FAE04EC0-301F-11D3-BF4B-00C04F79EFBC}") = "Catalog", "Modules\Catalog\Catalog\Catalog.csproj", "{C3FDCC44-294C-46DF-A272-9A854FFE1F96}"
EndProject
Project("{FAE04EC0-301F-11D3-BF4B-00C04F79EFBC}") = "Basket", "Modules\Basket\Basket\Basket.csproj", "{804111B1-7EC4-44B9-A202-341DC6CDDAB4}"
EndProject
Project("{FAE04EC0-301F-11D3-BF4B-00C04F79EFBC}") = "Ordering", "Modules\Ordering\Ordering\Ordering.csproj", "{DD070859-B81B-4BD9-BEAD-5385394D8490}"
EndProject
Project("{FAE04EC0-301F-11D3-BF4B-00C04F79EFBC}") = "Shared", "Shared\Shared\Shared.csproj", "{4722C06B-897B-43E4-BF81-58E1B60FC103}"
EndProject
Global
	GlobalSection(SolutionConfigurationPlatforms) = preSolution
		Debug|Any CPU = Debug|Any CPU
		Release|Any CPU = Release|Any CPU
	EndGlobalSection
	GlobalSection(ProjectConfigurationPlatforms) = postSolution
		{F73CED4E-C916-45AB-858E-AD3CE3DAD2F0}.Debug|Any CPU.ActiveCfg = Debug|Any CPU
		{F73CED4E-C916-45AB-858E-AD3CE3DAD2F0}.Debug|Any CPU.Build.0 = Debug|Any CPU
		{F73CED4E-C916-45AB-858E-AD3CE3DAD2F0}.Release|Any CPU.ActiveCfg = Release|Any CPU
		{F73CED4E-C916-45AB-858E-AD3CE3DAD2F0}.Release|Any CPU.Build.0 = Release|Any CPU
		{C3FDCC44-294C-46DF-A272-9A854FFE1F96}.Debug|Any CPU.ActiveCfg = Debug|Any CPU
		{C3FDCC44-294C-46DF-A272-9A854FFE1F96}.Debug|Any CPU.Build.0 = Debug|Any CPU
		{C3FDCC44-294C-46DF-A272-9A854FFE1F96}.Release|Any CPU.ActiveCfg = Release|Any CPU
		{C3FDCC44-294C-46DF-A272-9A854FFE1F96}.Release|Any CPU.Build.0 = Release|Any CPU
		{804111B1-7EC4-44B9-A202-341DC6CDDAB4}.Debug|Any CPU.ActiveCfg = Debug|Any CPU
		{804111B1-7EC4-44B9-A202-341DC6CDDAB4}.Debug|Any CPU.Build.0 = Debug|Any CPU
		{804111B1-7EC4-44B9-A202-341DC6CDDAB4}.Release|Any CPU.ActiveCfg = Release|Any CPU
		{804111B1-7EC4-44B9-A202-341DC6CDDAB4}.Release|Any CPU.Build.0 = Release|Any CPU
		{DD070859-B81B-4BD9-BEAD-5385394D8490}.Debug|Any CPU.ActiveCfg = Debug|Any CPU
		{DD070859-B81B-4BD9-BEAD-5385394D8490}.Debug|Any CPU.Build.0 = Debug|Any CPU
		{DD070859-B81B-4BD9-BEAD-5385394D8490}.Release|Any CPU.ActiveCfg = Release|Any CPU
		{DD070859-B81B-4BD9-BEAD-5385394D8490}.Release|Any CPU.Build.0 = Release|Any CPU
		{4722C06B-897B-43E4-BF81-58E1B60FC103}.Debug|Any CPU.ActiveCfg = Debug|Any CPU
		{4722C06B-897B-43E4-BF81-58E1B60FC103}.Debug|Any CPU.Build.0 = Debug|Any CPU
		{4722C06B-897B-43E4-BF81-58E1B60FC103}.Release|Any CPU.ActiveCfg = Release|Any CPU
		{4722C06B-897B-43E4-BF81-58E1B60FC103}.Release|Any CPU.Build.0 = Release|Any CPU
	EndGlobalSection
	GlobalSection(SolutionProperties) = preSolution
		HideSolutionNode = FALSE
	EndGlobalSection
	GlobalSection(NestedProjects) = preSolution
		{F73CED4E-C916-45AB-858E-AD3CE3DAD2F0} = {02EA681E-C7D8-13C7-8484-4AC65E1B71E8}
		{B54A51EA-35EB-429F-BE11-BE9DDD671870} = {B95EAEE9-F87A-420C-A061-6952CC11598C}
		{FF970D69-E39F-475A-9861-1B128D008270} = {B95EAEE9-F87A-420C-A061-6952CC11598C}
		{B4419086-5CDA-41B3-891C-0BBD1346180F} = {B95EAEE9-F87A-420C-A061-6952CC11598C}
		{C3FDCC44-294C-46DF-A272-9A854FFE1F96} = {B54A51EA-35EB-429F-BE11-BE9DDD671870}
		{804111B1-7EC4-44B9-A202-341DC6CDDAB4} = {FF970D69-E39F-475A-9861-1B128D008270}
		{DD070859-B81B-4BD9-BEAD-5385394D8490} = {B4419086-5CDA-41B3-891C-0BBD1346180F}
		{4722C06B-897B-43E4-BF81-58E1B60FC103} = {50384B7D-7655-4262-B7FE-510A018B355E}
	EndGlobalSection
	GlobalSection(ExtensibilityGlobals) = postSolution
		SolutionGuid = {4ADF8FB5-A487-45A9-A6D4-BD73C7736D18}
	EndGlobalSection
EndGlobal
